
Microsoft Visual Studio Solution File, Format Version 12.00
# Visual Studio Version 16
VisualStudioVersion = 16.0.29209.62
MinimumVisualStudioVersion = 10.0.40219.1
Project("{FAE04EC0-301F-11D3-BF4B-00C04F79EFBC}") = "BriefCamInterface", "BriefCamInterface\BriefCamInterface.csproj", "{88191BC3-4BD2-479D-A235-876314AB0038}"
EndProject
Project("{FAE04EC0-301F-11D3-BF4B-00C04F79EFBC}") = "BriefCamMrsSensor", "BriefCamMrsSensor\BriefCamMrsSensor.csproj", "{562E8656-055F-4167-8DA9-B007B8FF9AA6}"
EndProject
Project("{FAE04EC0-301F-11D3-BF4B-00C04F79EFBC}") = "JsonCodeGenerator", "JsonCodeGenerator\JsonCodeGenerator.csproj", "{D790CAA5-6C7E-4D62-8351-A777E13B13A8}"
EndProject
Global
	GlobalSection(SolutionConfigurationPlatforms) = preSolution
		Debug|Any CPU = Debug|Any CPU
		Release|Any CPU = Release|Any CPU
	EndGlobalSection
	GlobalSection(ProjectConfigurationPlatforms) = postSolution
		{88191BC3-4BD2-479D-A235-876314AB0038}.Debug|Any CPU.ActiveCfg = Debug|Any CPU
		{88191BC3-4BD2-479D-A235-876314AB0038}.Debug|Any CPU.Build.0 = Debug|Any CPU
		{88191BC3-4BD2-479D-A235-876314AB0038}.Release|Any CPU.ActiveCfg = Release|Any CPU
		{88191BC3-4BD2-479D-A235-876314AB0038}.Release|Any CPU.Build.0 = Release|Any CPU
		{562E8656-055F-4167-8DA9-B007B8FF9AA6}.Debug|Any CPU.ActiveCfg = Debug|Any CPU
		{562E8656-055F-4167-8DA9-B007B8FF9AA6}.Debug|Any CPU.Build.0 = Debug|Any CPU
		{562E8656-055F-4167-8DA9-B007B8FF9AA6}.Release|Any CPU.ActiveCfg = Release|Any CPU
		{562E8656-055F-4167-8DA9-B007B8FF9AA6}.Release|Any CPU.Build.0 = Release|Any CPU
		{D790CAA5-6C7E-4D62-8351-A777E13B13A8}.Debug|Any CPU.ActiveCfg = Debug|Any CPU
		{D790CAA5-6C7E-4D62-8351-A777E13B13A8}.Debug|Any CPU.Build.0 = Debug|Any CPU
		{D790CAA5-6C7E-4D62-8351-A777E13B13A8}.Release|Any CPU.ActiveCfg = Release|Any CPU
		{D790CAA5-6C7E-4D62-8351-A777E13B13A8}.Release|Any CPU.Build.0 = Release|Any CPU
	EndGlobalSection
	GlobalSection(SolutionProperties) = preSolution
		HideSolutionNode = FALSE
	EndGlobalSection
	GlobalSection(ExtensibilityGlobals) = postSolution
		SolutionGuid = {3302463F-477F-4C65-A1C3-9A15ADE9A991}
	EndGlobalSection
EndGlobal
